
Microsoft Visual Studio Solution File, Format Version 12.00
# Visual Studio Version 16
VisualStudioVersion = 16.0.30907.101
MinimumVisualStudioVersion = 10.0.40219.1
Project("{FAE04EC0-301F-11D3-BF4B-00C04F79EFBC}") = "Potter_Deliverable7", "Potter_Deliverable7.csproj", "{F35A8BCE-F4F2-4D54-90AB-85228143C8D4}"
EndProject
Global
	GlobalSection(SolutionConfigurationPlatforms) = preSolution
		Debug|Any CPU = Debug|Any CPU
		Release|Any CPU = Release|Any CPU
	EndGlobalSection
	GlobalSection(ProjectConfigurationPlatforms) = postSolution
		{F35A8BCE-F4F2-4D54-90AB-85228143C8D4}.Debug|Any CPU.ActiveCfg = Debug|Any CPU
		{F35A8BCE-F4F2-4D54-90AB-85228143C8D4}.Debug|Any CPU.Build.0 = Debug|Any CPU
		{F35A8BCE-F4F2-4D54-90AB-85228143C8D4}.Release|Any CPU.ActiveCfg = Release|Any CPU
		{F35A8BCE-F4F2-4D54-90AB-85228143C8D4}.Release|Any CPU.Build.0 = Release|Any CPU
	EndGlobalSection
	GlobalSection(SolutionProperties) = preSolution
		HideSolutionNode = FALSE
	EndGlobalSection
	GlobalSection(ExtensibilityGlobals) = postSolution
		SolutionGuid = {3CA1A2D3-96E9-49CE-860B-6DEA2D0AD305}
	EndGlobalSection
EndGlobal
